<?xml version="1.0" encoding="UTF-8"?>
<!DOCTYPE plist PUBLIC "-//Apple//DTD PLIST 1.0//EN" "http://www.apple.com/DTDs/PropertyList-1.0.dtd">
<plist version="1.0">
<dict>
	<key>archiveVersion</key>
	<string>1</string>
	<key>classes</key>
	<dict/>
	<key>objectVersion</key>
	<string>77</string>
	<key>objects</key>
	<dict>
		<key>040758185TLK1P8S6338Y979</key>
		<dict>
			<key>isa</key>
			<string>PBXFileSystemSynchronizedBuildFileExceptionSet</string>
			<key>membershipExceptions</key>
			<array>
				<string>Info.plist</string>
			</array>
			<key>target</key>
			<string>0426LY3O41TW451G5452EC96</string>
		</dict>
		<key>040VRJAA0L6121N07UF1859H</key>
		<dict>
			<key>isa</key>
			<string>PBXFileReference</string>
			<key>lastKnownFileType</key>
			<string>wrapper.framework</string>
			<key>name</key>
			<string>StoreKit.framework</string>
			<key>path</key>
			<string>System/Library/Frameworks/StoreKit.framework</string>
			<key>sourceTree</key>
			<string>SDKROOT</string>
		</dict>
		<key>0413704A06WV71C5U3T8B91E</key>
		<dict>
			<key>buildActionMask</key>
			<string>2147483647</string>
			<key>files</key>
			<array>
				<string>SM24M5G15229691JLFT929J8</string>
				<string>UM1Q7V6A838R495M8319V2F8</string>
				<string>SA8N5C3J1H43OX442O4L9GG4</string>
				<string>EQH33X0IYCA1F37839WR09J4</string>
				<string>KO5QA6Z474E0H5X4G33327P2</string>
				<string>NH1D49S48X1L516794Q76652</string>
				<string>BQ4969O3097034S2607049P1</string>
				<string>ZSQ6Q286M9653UX401T1OS36</string>
				<string>WI240Y16S9371TVRP62Q874X</string>
				<string>ATN77G52QNO5YZD3610I6974</string>
				<string>VW405434V2CJ36O02707U62W</string>
				<string>MU64088K9593008BNET7FC51</string>
				<string>LH437226KXX2V2YBX0751953</string>
				<string>JG00J0VA306G7775P57B3V6O</string>
				<string>YM3955269118I01R53NTP151</string>
				<string>ML8773455C3410AQ3Z39414C</string>
				<string>UF5631F1G47R6Z4507S40D4E</string>
				<string>HA301056ZUGN3UF17PXJMA01</string>
				<string>NE0N07998VPR114134457M7Z</string>
				<string>CES04111P0637459083H7068</string>
				<string>IFB64240NH7NJ9782X69R194</string>
				<string>IY91FS043R362YL481642624</string>
				<string>FD00AUU135H5H1315BNM5AD5</string>
				<string>FK6D34CKM1128174DR34PPU2</string>
				<string>HAC84890P752M7CX3BQCL7M8</string>
				<string>ZCF98667F645987X7O007ES5</string>
			</array>
			<key>isa</key>
			<string>PBXSourcesBuildPhase</string>
			<key>runOnlyForDeploymentPostprocessing</key>
			<string>0</string>
		</dict>
		<key>041V50J39J017P3960N660P1</key>
		<dict>
			<key>buildConfigurations</key>
			<array>
				<string>047M28914BGQ80Z9BMDBFE20</string>
				<string>042B163770221MIL5222S613</string>
			</array>
			<key>defaultConfigurationIsVisible</key>
			<string>0</string>
			<key>defaultConfigurationName</key>
			<string>Release</string>
			<key>isa</key>
			<string>XCConfigurationList</string>
		</dict>
		<key>0426LY3O41TW451G5452EC96</key>
		<dict>
			<key>buildConfigurationList</key>
			<string>041V50J39J017P3960N660P1</string>
			<key>buildPhases</key>
			<array>
				<string>33959XG21V4YP92AK0IZGY91</string>
				<string>0413704A06WV71C5U3T8B91E</string>
				<string>044025A7U6I58Z36F4A6696W</string>
				<string>04I75190SF3G65H9732F2275</string>
			</array>
			<key>buildRules</key>
			<array/>
			<key>dependencies</key>
			<array/>
			<key>fileSystemSynchronizedGroups</key>
			<array>
				<string>04WQ902L13USWE11V39816I2</string>
			</array>
			<key>isa</key>
			<string>PBXNativeTarget</string>
			<key>name</key>
			<string>MotoMomi</string>
			<key>productName</key>
			<string>MotoMomi</string>
			<key>productReference</key>
			<string>04710D5914N322B7531391M2</string>
			<key>productType</key>
			<string>com.apple.product-type.application</string>
		</dict>
		<key>042B163770221MIL5222S613</key>
		<dict>
			<key>baseConfigurationReference</key>
			<string>FD20F3AQ0892C554K3451761</string>
			<key>buildSettings</key>
			<dict>
				<key>ASSETCATALOG_COMPILER_APPICON_NAME</key>
				<string>AppIcon</string>
				<key>ASSETCATALOG_COMPILER_GLOBAL_ACCENT_COLOR_NAME</key>
				<string>AccentColor</string>
				<key>CODE_SIGN_ENTITLEMENTS</key>
				<string>MotoMomi/MotoMomi.entitlements</string>
				<key>CODE_SIGN_STYLE</key>
				<string>Automatic</string>
				<key>CURRENT_PROJECT_VERSION</key>
				<string>1</string>
				<key>DEVELOPMENT_TEAM</key>
				<string>HY3YA6W479</string>
				<key>ENABLE_USER_SCRIPT_SANDBOXING</key>
				<string>NO</string>
				<key>GENERATE_INFOPLIST_FILE</key>
				<string>YES</string>
				<key>INFOPLIST_FILE</key>
				<string>MotoMomi/Info.plist</string>
				<key>INFOPLIST_KEY_CFBundleDisplayName</key>
				<string>Momi</string>
				<key>INFOPLIST_KEY_NSCameraUsageDescription</key>
				<string>Ride Free needs camera access so you can take profile photos, capture ride moments, and join video calls with fellow riders.</string>
				<key>INFOPLIST_KEY_NSLocationWhenInUseUsageDescription</key>
				<string>Ride Free needs your location while using the app to show your position on the map, draw your ride path, and record distance.</string>
				<key>INFOPLIST_KEY_NSMicrophoneUsageDescription</key>
				<string>Ride Free needs microphone access so you can talk with riders during video calls and record ride videos with sound.</string>
				<key>INFOPLIST_KEY_NSPhotoLibraryAddUsageDescription</key>
				<string>Ride Free needs permission to save ride photos and videos to your library.</string>
				<key>INFOPLIST_KEY_NSPhotoLibraryUsageDescription</key>
				<string>Ride Free needs photo library access so you can choose ride photos and videos when updating your profile or publishing moments.</string>
				<key>INFOPLIST_KEY_UIApplicationSupportsIndirectInputEvents</key>
				<string>YES</string>
				<key>INFOPLIST_KEY_UILaunchStoryboardName</key>
				<string>LaunchScreen</string>
				<key>INFOPLIST_KEY_UISupportedInterfaceOrientations</key>
				<string>UIInterfaceOrientationPortrait</string>
				<key>INFOPLIST_KEY_UISupportedInterfaceOrientations_iPad</key>
				<string>UIInterfaceOrientationLandscapeLeft UIInterfaceOrientationLandscapeRight UIInterfaceOrientationPortrait UIInterfaceOrientationPortraitUpsideDown</string>
				<key>INFOPLIST_KEY_UIUserInterfaceStyle</key>
				<string>Light</string>
				<key>IPHONEOS_DEPLOYMENT_TARGET</key>
				<string>16.0</string>
				<key>LD_RUNPATH_SEARCH_PATHS</key>
				<array>
					<string>$(inherited)</string>
					<string>@executable_path/Frameworks</string>
				</array>
				<key>MARKETING_VERSION</key>
				<string>1.0</string>
				<key>PRODUCT_BUNDLE_IDENTIFIER</key>
				<string>com.MotorcycleSocial.momi</string>
				<key>PRODUCT_NAME</key>
				<string>$(TARGET_NAME)</string>
				<key>STRING_CATALOG_GENERATE_SYMBOLS</key>
				<string>YES</string>
				<key>SUPPORTED_PLATFORMS</key>
				<string>iphoneos iphonesimulator</string>
				<key>SUPPORTS_MACCATALYST</key>
				<string>NO</string>
				<key>SUPPORTS_MAC_DESIGNED_FOR_IPHONE_IPAD</key>
				<string>NO</string>
				<key>SUPPORTS_XR_DESIGNED_FOR_IPHONE_IPAD</key>
				<string>NO</string>
				<key>SWIFT_APPROACHABLE_CONCURRENCY</key>
				<string>YES</string>
				<key>SWIFT_DEFAULT_ACTOR_ISOLATION</key>
				<string>MainActor</string>
				<key>SWIFT_EMIT_LOC_STRINGS</key>
				<string>YES</string>
				<key>SWIFT_UPCOMING_FEATURE_MEMBER_IMPORT_VISIBILITY</key>
				<string>YES</string>
				<key>SWIFT_VERSION</key>
				<string>5.0</string>
				<key>TARGETED_DEVICE_FAMILY</key>
				<string>1</string>
				<key>VERSIONING_SYSTEM</key>
				<string>apple-generic</string>
			</dict>
			<key>isa</key>
			<string>XCBuildConfiguration</string>
			<key>name</key>
			<string>Release</string>
		</dict>
		<key>044025A7U6I58Z36F4A6696W</key>
		<dict>
			<key>buildActionMask</key>
			<string>2147483647</string>
			<key>files</key>
			<array>
				<string>AF13P08IG421C5365ZJZ161M</string>
				<string>04NS5TZ03SFG048540128R71</string>
			</array>
			<key>isa</key>
			<string>PBXFrameworksBuildPhase</string>
			<key>runOnlyForDeploymentPostprocessing</key>
			<string>0</string>
		</dict>
		<key>044I7413H912J54729M3WM08</key>
		<dict>
			<key>children</key>
			<array>
				<string>04WQ902L13USWE11V39816I2</string>
				<string>04O0405V23T18321253C0B97</string>
				<string>271UR2585UGW4W08A899669P</string>
				<string>FDC2E9SN9V9939E281X43G16</string>
				<string>NSEJ840W30673EZ21474F10Y</string>
			</array>
			<key>isa</key>
			<string>PBXGroup</string>
			<key>sourceTree</key>
			<string>&lt;group&gt;</string>
		</dict>
		<key>0463762620Y1698617Q83M55</key>
		<dict>
			<key>attributes</key>
			<dict>
				<key>BuildIndependentTargetsInParallel</key>
				<string>1</string>
				<key>LastSwiftUpdateCheck</key>
				<string>2620</string>
				<key>LastUpgradeCheck</key>
				<string>2620</string>
				<key>TargetAttributes</key>
				<dict>
					<key>0426LY3O41TW451G5452EC96</key>
					<dict>
						<key>CreatedOnToolsVersion</key>
						<string>26.2</string>
					</dict>
				</dict>
			</dict>
			<key>buildConfigurationList</key>
			<string>049KUD190K43YZ79E8G86EPQ</string>
			<key>developmentRegion</key>
			<string>en</string>
			<key>hasScannedForEncodings</key>
			<string>0</string>
			<key>isa</key>
			<string>PBXProject</string>
			<key>knownRegions</key>
			<array>
				<string>en</string>
				<string>Base</string>
			</array>
			<key>mainGroup</key>
			<string>044I7413H912J54729M3WM08</string>
			<key>minimizedProjectReferenceProxies</key>
			<string>1</string>
			<key>preferredProjectObjectVersion</key>
			<string>77</string>
			<key>productRefGroup</key>
			<string>04O0405V23T18321253C0B97</string>
			<key>projectDirPath</key>
			<string></string>
			<key>projectRoot</key>
			<string></string>
			<key>targets</key>
			<array>
				<string>0426LY3O41TW451G5452EC96</string>
			</array>
		</dict>
		<key>04710D5914N322B7531391M2</key>
		<dict>
			<key>explicitFileType</key>
			<string>wrapper.application</string>
			<key>includeInIndex</key>
			<string>0</string>
			<key>isa</key>
			<string>PBXFileReference</string>
			<key>path</key>
			<string>MotoMomi.app</string>
			<key>sourceTree</key>
			<string>BUILT_PRODUCTS_DIR</string>
		</dict>
		<key>047M28914BGQ80Z9BMDBFE20</key>
		<dict>
			<key>baseConfigurationReference</key>
			<string>1673CGQ52B5570G61029F4Q0</string>
			<key>buildSettings</key>
			<dict>
				<key>ASSETCATALOG_COMPILER_APPICON_NAME</key>
				<string>AppIcon</string>
				<key>ASSETCATALOG_COMPILER_GLOBAL_ACCENT_COLOR_NAME</key>
				<string>AccentColor</string>
				<key>CODE_SIGN_ENTITLEMENTS</key>
				<string>MotoMomi/MotoMomi.entitlements</string>
				<key>CODE_SIGN_STYLE</key>
				<string>Automatic</string>
				<key>CURRENT_PROJECT_VERSION</key>
				<string>1</string>
				<key>DEVELOPMENT_TEAM</key>
				<string>HY3YA6W479</string>
				<key>ENABLE_USER_SCRIPT_SANDBOXING</key>
				<string>NO</string>
				<key>GENERATE_INFOPLIST_FILE</key>
				<string>YES</string>
				<key>INFOPLIST_FILE</key>
				<string>MotoMomi/Info.plist</string>
				<key>INFOPLIST_KEY_CFBundleDisplayName</key>
				<string>Momi</string>
				<key>INFOPLIST_KEY_NSCameraUsageDescription</key>
				<string>Ride Free needs camera access so you can take profile photos, capture ride moments, and join video calls with fellow riders.</string>
				<key>INFOPLIST_KEY_NSLocationWhenInUseUsageDescription</key>
				<string>Ride Free needs your location while using the app to show your position on the map, draw your ride path, and record distance.</string>
				<key>INFOPLIST_KEY_NSMicrophoneUsageDescription</key>
				<string>Ride Free needs microphone access so you can talk with riders during video calls and record ride videos with sound.</string>
				<key>INFOPLIST_KEY_NSPhotoLibraryAddUsageDescription</key>
				<string>Ride Free needs permission to save ride photos and videos to your library.</string>
				<key>INFOPLIST_KEY_NSPhotoLibraryUsageDescription</key>
				<string>Ride Free needs photo library access so you can choose ride photos and videos when updating your profile or publishing moments.</string>
				<key>INFOPLIST_KEY_UIApplicationSupportsIndirectInputEvents</key>
				<string>YES</string>
				<key>INFOPLIST_KEY_UILaunchStoryboardName</key>
				<string>LaunchScreen</string>
				<key>INFOPLIST_KEY_UISupportedInterfaceOrientations</key>
				<string>UIInterfaceOrientationPortrait</string>
				<key>INFOPLIST_KEY_UISupportedInterfaceOrientations_iPad</key>
				<string>UIInterfaceOrientationLandscapeLeft UIInterfaceOrientationLandscapeRight UIInterfaceOrientationPortrait UIInterfaceOrientationPortraitUpsideDown</string>
				<key>INFOPLIST_KEY_UIUserInterfaceStyle</key>
				<string>Light</string>
				<key>IPHONEOS_DEPLOYMENT_TARGET</key>
				<string>16.0</string>
				<key>LD_RUNPATH_SEARCH_PATHS</key>
				<array>
					<string>$(inherited)</string>
					<string>@executable_path/Frameworks</string>
				</array>
				<key>MARKETING_VERSION</key>
				<string>1.0</string>
				<key>PRODUCT_BUNDLE_IDENTIFIER</key>
				<string>com.MotorcycleSocial.momi</string>
				<key>PRODUCT_NAME</key>
				<string>$(TARGET_NAME)</string>
				<key>STRING_CATALOG_GENERATE_SYMBOLS</key>
				<string>YES</string>
				<key>SUPPORTED_PLATFORMS</key>
				<string>iphoneos iphonesimulator</string>
				<key>SUPPORTS_MACCATALYST</key>
				<string>NO</string>
				<key>SUPPORTS_MAC_DESIGNED_FOR_IPHONE_IPAD</key>
				<string>NO</string>
				<key>SUPPORTS_XR_DESIGNED_FOR_IPHONE_IPAD</key>
				<string>NO</string>
				<key>SWIFT_APPROACHABLE_CONCURRENCY</key>
				<string>YES</string>
				<key>SWIFT_DEFAULT_ACTOR_ISOLATION</key>
				<string>MainActor</string>
				<key>SWIFT_EMIT_LOC_STRINGS</key>
				<string>YES</string>
				<key>SWIFT_UPCOMING_FEATURE_MEMBER_IMPORT_VISIBILITY</key>
				<string>YES</string>
				<key>SWIFT_VERSION</key>
				<string>5.0</string>
				<key>TARGETED_DEVICE_FAMILY</key>
				<string>1</string>
				<key>VERSIONING_SYSTEM</key>
				<string>apple-generic</string>
			</dict>
			<key>isa</key>
			<string>XCBuildConfiguration</string>
			<key>name</key>
			<string>Debug</string>
		</dict>
		<key>049KUD190K43YZ79E8G86EPQ</key>
		<dict>
			<key>buildConfigurations</key>
			<array>
				<string>04S2785T21154M337YT8WL59</string>
				<string>04WL03826Q23807917199T20</string>
			</array>
			<key>defaultConfigurationIsVisible</key>
			<string>0</string>
			<key>defaultConfigurationName</key>
			<string>Release</string>
			<key>isa</key>
			<string>XCConfigurationList</string>
		</dict>
		<key>04I75190SF3G65H9732F2275</key>
		<dict>
			<key>buildActionMask</key>
			<string>2147483647</string>
			<key>files</key>
			<array/>
			<key>isa</key>
			<string>PBXResourcesBuildPhase</string>
			<key>runOnlyForDeploymentPostprocessing</key>
			<string>0</string>
		</dict>
		<key>04NS5TZ03SFG048540128R71</key>
		<dict>
			<key>fileRef</key>
			<string>040VRJAA0L6121N07UF1859H</string>
			<key>isa</key>
			<string>PBXBuildFile</string>
		</dict>
		<key>04O0405V23T18321253C0B97</key>
		<dict>
			<key>children</key>
			<array>
				<string>04710D5914N322B7531391M2</string>
			</array>
			<key>isa</key>
			<string>PBXGroup</string>
			<key>name</key>
			<string>Products</string>
			<key>sourceTree</key>
			<string>&lt;group&gt;</string>
		</dict>
		<key>04S2785T21154M337YT8WL59</key>
		<dict>
			<key>buildSettings</key>
			<dict>
				<key>ALWAYS_SEARCH_USER_PATHS</key>
				<string>NO</string>
				<key>ASSETCATALOG_COMPILER_GENERATE_SWIFT_ASSET_SYMBOL_EXTENSIONS</key>
				<string>YES</string>
				<key>CLANG_ANALYZER_NONNULL</key>
				<string>YES</string>
				<key>CLANG_ANALYZER_NUMBER_OBJECT_CONVERSION</key>
				<string>YES_AGGRESSIVE</string>
				<key>CLANG_CXX_LANGUAGE_STANDARD</key>
				<string>gnu++20</string>
				<key>CLANG_ENABLE_MODULES</key>
				<string>YES</string>
				<key>CLANG_ENABLE_OBJC_ARC</key>
				<string>YES</string>
				<key>CLANG_ENABLE_OBJC_WEAK</key>
				<string>YES</string>
				<key>CLANG_WARN_BLOCK_CAPTURE_AUTORELEASING</key>
				<string>YES</string>
				<key>CLANG_WARN_BOOL_CONVERSION</key>
				<string>YES</string>
				<key>CLANG_WARN_COMMA</key>
				<string>YES</string>
				<key>CLANG_WARN_CONSTANT_CONVERSION</key>
				<string>YES</string>
				<key>CLANG_WARN_DEPRECATED_OBJC_IMPLEMENTATIONS</key>
				<string>YES</string>
				<key>CLANG_WARN_DIRECT_OBJC_ISA_USAGE</key>
				<string>YES_ERROR</string>
				<key>CLANG_WARN_DOCUMENTATION_COMMENTS</key>
				<string>YES</string>
				<key>CLANG_WARN_EMPTY_BODY</key>
				<string>YES</string>
				<key>CLANG_WARN_ENUM_CONVERSION</key>
				<string>YES</string>
				<key>CLANG_WARN_INFINITE_RECURSION</key>
				<string>YES</string>
				<key>CLANG_WARN_INT_CONVERSION</key>
				<string>YES</string>
				<key>CLANG_WARN_NON_LITERAL_NULL_CONVERSION</key>
				<string>YES</string>
				<key>CLANG_WARN_OBJC_IMPLICIT_RETAIN_SELF</key>
				<string>YES</string>
				<key>CLANG_WARN_OBJC_LITERAL_CONVERSION</key>
				<string>YES</string>
				<key>CLANG_WARN_OBJC_ROOT_CLASS</key>
				<string>YES_ERROR</string>
				<key>CLANG_WARN_QUOTED_INCLUDE_IN_FRAMEWORK_HEADER</key>
				<string>YES</string>
				<key>CLANG_WARN_RANGE_LOOP_ANALYSIS</key>
				<string>YES</string>
				<key>CLANG_WARN_STRICT_PROTOTYPES</key>
				<string>YES</string>
				<key>CLANG_WARN_SUSPICIOUS_MOVE</key>
				<string>YES</string>
				<key>CLANG_WARN_UNGUARDED_AVAILABILITY</key>
				<string>YES_AGGRESSIVE</string>
				<key>CLANG_WARN_UNREACHABLE_CODE</key>
				<string>YES</string>
				<key>CLANG_WARN__DUPLICATE_METHOD_MATCH</key>
				<string>YES</string>
				<key>COPY_PHASE_STRIP</key>
				<string>NO</string>
				<key>DEBUG_INFORMATION_FORMAT</key>
				<string>dwarf</string>
				<key>DEVELOPMENT_TEAM</key>
				<string>HY3YA6W479</string>
				<key>ENABLE_STRICT_OBJC_MSGSEND</key>
				<string>YES</string>
				<key>ENABLE_TESTABILITY</key>
				<string>YES</string>
				<key>ENABLE_USER_SCRIPT_SANDBOXING</key>
				<string>YES</string>
				<key>GCC_C_LANGUAGE_STANDARD</key>
				<string>gnu17</string>
				<key>GCC_DYNAMIC_NO_PIC</key>
				<string>NO</string>
				<key>GCC_NO_COMMON_BLOCKS</key>
				<string>YES</string>
				<key>GCC_OPTIMIZATION_LEVEL</key>
				<string>0</string>
				<key>GCC_PREPROCESSOR_DEFINITIONS</key>
				<array>
					<string>DEBUG=1</string>
					<string>$(inherited)</string>
				</array>
				<key>GCC_WARN_64_TO_32_BIT_CONVERSION</key>
				<string>YES</string>
				<key>GCC_WARN_ABOUT_RETURN_TYPE</key>
				<string>YES_ERROR</string>
				<key>GCC_WARN_UNDECLARED_SELECTOR</key>
				<string>YES</string>
				<key>GCC_WARN_UNINITIALIZED_AUTOS</key>
				<string>YES_AGGRESSIVE</string>
				<key>GCC_WARN_UNUSED_FUNCTION</key>
				<string>YES</string>
				<key>GCC_WARN_UNUSED_VARIABLE</key>
				<string>YES</string>
				<key>IPHONEOS_DEPLOYMENT_TARGET</key>
				<string>26.2</string>
				<key>LOCALIZATION_PREFERS_STRING_CATALOGS</key>
				<string>YES</string>
				<key>MTL_ENABLE_DEBUG_INFO</key>
				<string>INCLUDE_SOURCE</string>
				<key>MTL_FAST_MATH</key>
				<string>YES</string>
				<key>ONLY_ACTIVE_ARCH</key>
				<string>YES</string>
				<key>SDKROOT</key>
				<string>iphoneos</string>
				<key>SWIFT_ACTIVE_COMPILATION_CONDITIONS</key>
				<string>DEBUG $(inherited)</string>
				<key>SWIFT_OPTIMIZATION_LEVEL</key>
				<string>-Onone</string>
			</dict>
			<key>isa</key>
			<string>XCBuildConfiguration</string>
			<key>name</key>
			<string>Debug</string>
		</dict>
		<key>04WL03826Q23807917199T20</key>
		<dict>
			<key>buildSettings</key>
			<dict>
				<key>ALWAYS_SEARCH_USER_PATHS</key>
				<string>NO</string>
				<key>ASSETCATALOG_COMPILER_GENERATE_SWIFT_ASSET_SYMBOL_EXTENSIONS</key>
				<string>YES</string>
				<key>CLANG_ANALYZER_NONNULL</key>
				<string>YES</string>
				<key>CLANG_ANALYZER_NUMBER_OBJECT_CONVERSION</key>
				<string>YES_AGGRESSIVE</string>
				<key>CLANG_CXX_LANGUAGE_STANDARD</key>
				<string>gnu++20</string>
				<key>CLANG_ENABLE_MODULES</key>
				<string>YES</string>
				<key>CLANG_ENABLE_OBJC_ARC</key>
				<string>YES</string>
				<key>CLANG_ENABLE_OBJC_WEAK</key>
				<string>YES</string>
				<key>CLANG_WARN_BLOCK_CAPTURE_AUTORELEASING</key>
				<string>YES</string>
				<key>CLANG_WARN_BOOL_CONVERSION</key>
				<string>YES</string>
				<key>CLANG_WARN_COMMA</key>
				<string>YES</string>
				<key>CLANG_WARN_CONSTANT_CONVERSION</key>
				<string>YES</string>
				<key>CLANG_WARN_DEPRECATED_OBJC_IMPLEMENTATIONS</key>
				<string>YES</string>
				<key>CLANG_WARN_DIRECT_OBJC_ISA_USAGE</key>
				<string>YES_ERROR</string>
				<key>CLANG_WARN_DOCUMENTATION_COMMENTS</key>
				<string>YES</string>
				<key>CLANG_WARN_EMPTY_BODY</key>
				<string>YES</string>
				<key>CLANG_WARN_ENUM_CONVERSION</key>
				<string>YES</string>
				<key>CLANG_WARN_INFINITE_RECURSION</key>
				<string>YES</string>
				<key>CLANG_WARN_INT_CONVERSION</key>
				<string>YES</string>
				<key>CLANG_WARN_NON_LITERAL_NULL_CONVERSION</key>
				<string>YES</string>
				<key>CLANG_WARN_OBJC_IMPLICIT_RETAIN_SELF</key>
				<string>YES</string>
				<key>CLANG_WARN_OBJC_LITERAL_CONVERSION</key>
				<string>YES</string>
				<key>CLANG_WARN_OBJC_ROOT_CLASS</key>
				<string>YES_ERROR</string>
				<key>CLANG_WARN_QUOTED_INCLUDE_IN_FRAMEWORK_HEADER</key>
				<string>YES</string>
				<key>CLANG_WARN_RANGE_LOOP_ANALYSIS</key>
				<string>YES</string>
				<key>CLANG_WARN_STRICT_PROTOTYPES</key>
				<string>YES</string>
				<key>CLANG_WARN_SUSPICIOUS_MOVE</key>
				<string>YES</string>
				<key>CLANG_WARN_UNGUARDED_AVAILABILITY</key>
				<string>YES_AGGRESSIVE</string>
				<key>CLANG_WARN_UNREACHABLE_CODE</key>
				<string>YES</string>
				<key>CLANG_WARN__DUPLICATE_METHOD_MATCH</key>
				<string>YES</string>
				<key>COPY_PHASE_STRIP</key>
				<string>NO</string>
				<key>DEBUG_INFORMATION_FORMAT</key>
				<string>dwarf-with-dsym</string>
				<key>DEVELOPMENT_TEAM</key>
				<string>HY3YA6W479</string>
				<key>ENABLE_NS_ASSERTIONS</key>
				<string>NO</string>
				<key>ENABLE_STRICT_OBJC_MSGSEND</key>
				<string>YES</string>
				<key>ENABLE_USER_SCRIPT_SANDBOXING</key>
				<string>YES</string>
				<key>GCC_C_LANGUAGE_STANDARD</key>
				<string>gnu17</string>
				<key>GCC_NO_COMMON_BLOCKS</key>
				<string>YES</string>
				<key>GCC_WARN_64_TO_32_BIT_CONVERSION</key>
				<string>YES</string>
				<key>GCC_WARN_ABOUT_RETURN_TYPE</key>
				<string>YES_ERROR</string>
				<key>GCC_WARN_UNDECLARED_SELECTOR</key>
				<string>YES</string>
				<key>GCC_WARN_UNINITIALIZED_AUTOS</key>
				<string>YES_AGGRESSIVE</string>
				<key>GCC_WARN_UNUSED_FUNCTION</key>
				<string>YES</string>
				<key>GCC_WARN_UNUSED_VARIABLE</key>
				<string>YES</string>
				<key>IPHONEOS_DEPLOYMENT_TARGET</key>
				<string>26.2</string>
				<key>LOCALIZATION_PREFERS_STRING_CATALOGS</key>
				<string>YES</string>
				<key>MTL_ENABLE_DEBUG_INFO</key>
				<string>NO</string>
				<key>MTL_FAST_MATH</key>
				<string>YES</string>
				<key>SDKROOT</key>
				<string>iphoneos</string>
				<key>SWIFT_COMPILATION_MODE</key>
				<string>wholemodule</string>
				<key>VALIDATE_PRODUCT</key>
				<string>YES</string>
			</dict>
			<key>isa</key>
			<string>XCBuildConfiguration</string>
			<key>name</key>
			<string>Release</string>
		</dict>
		<key>04WQ902L13USWE11V39816I2</key>
		<dict>
			<key>exceptions</key>
			<array>
				<string>040758185TLK1P8S6338Y979</string>
			</array>
			<key>isa</key>
			<string>PBXFileSystemSynchronizedRootGroup</string>
			<key>path</key>
			<string>MotoMomi</string>
			<key>sourceTree</key>
			<string>&lt;group&gt;</string>
		</dict>
		<key>1673CGQ52B5570G61029F4Q0</key>
		<dict>
			<key>includeInIndex</key>
			<string>1</string>
			<key>isa</key>
			<string>PBXFileReference</string>
			<key>lastKnownFileType</key>
			<string>text.xcconfig</string>
			<key>name</key>
			<string>Pods-MotoMomi.debug.xcconfig</string>
			<key>path</key>
			<string>Target Support Files/Pods-MotoMomi/Pods-MotoMomi.debug.xcconfig</string>
			<key>sourceTree</key>
			<string>&lt;group&gt;</string>
		</dict>
		<key>271UR2585UGW4W08A899669P</key>
		<dict>
			<key>children</key>
			<array>
				<string>1673CGQ52B5570G61029F4Q0</string>
				<string>FD20F3AQ0892C554K3451761</string>
			</array>
			<key>isa</key>
			<string>PBXGroup</string>
			<key>path</key>
			<string>Pods</string>
			<key>sourceTree</key>
			<string>&lt;group&gt;</string>
		</dict>
		<key>33959XG21V4YP92AK0IZGY91</key>
		<dict>
			<key>buildActionMask</key>
			<string>2147483647</string>
			<key>files</key>
			<array/>
			<key>inputFileListPaths</key>
			<array/>
			<key>inputPaths</key>
			<array>
				<string>${PODS_PODFILE_DIR_PATH}/Podfile.lock</string>
				<string>${PODS_ROOT}/Manifest.lock</string>
			</array>
			<key>isa</key>
			<string>PBXShellScriptBuildPhase</string>
			<key>name</key>
			<string>[CP] Check Pods Manifest.lock</string>
			<key>outputFileListPaths</key>
			<array/>
			<key>outputPaths</key>
			<array>
				<string>$(DERIVED_FILE_DIR)/Pods-MotoMomi-checkManifestLockResult.txt</string>
			</array>
			<key>runOnlyForDeploymentPostprocessing</key>
			<string>0</string>
			<key>shellPath</key>
			<string>/bin/sh</string>
			<key>shellScript</key>
			<string>diff "${PODS_PODFILE_DIR_PATH}/Podfile.lock" "${PODS_ROOT}/Manifest.lock" &gt; /dev/null
if [ $? != 0 ] ; then
    # print error to STDERR
    echo "error: The sandbox is not in sync with the Podfile.lock. Run 'pod install' or update your CocoaPods installation." &gt;&amp;2
    exit 1
fi
# This output is used by Xcode 'outputs' to avoid re-running this script phase.
echo "SUCCESS" &gt; "${SCRIPT_OUTPUT_FILE_0}"
</string>
			<key>showEnvVarsInLog</key>
			<string>0</string>
		</dict>
		<key>468M682A27M8741TX72840P2</key>
		<dict>
			<key>explicitFileType</key>
			<string>wrapper.framework</string>
			<key>includeInIndex</key>
			<string>0</string>
			<key>isa</key>
			<string>PBXFileReference</string>
			<key>path</key>
			<string>Pods_MotoMomi.framework</string>
			<key>sourceTree</key>
			<string>BUILT_PRODUCTS_DIR</string>
		</dict>
		<key>AF13P08IG421C5365ZJZ161M</key>
		<dict>
			<key>fileRef</key>
			<string>468M682A27M8741TX72840P2</string>
			<key>isa</key>
			<string>PBXBuildFile</string>
		</dict>
		<key>ATN77G52QNO5YZD3610I6974</key>
		<dict>
			<key>fileRef</key>
			<string>NQ3804D416M7Z09J17L2I14F</string>
			<key>isa</key>
			<string>PBXBuildFile</string>
		</dict>
		<key>AW634172H30GM96Y7R33T603</key>
		<dict>
			<key>fileEncoding</key>
			<string>4</string>
			<key>isa</key>
			<string>PBXFileReference</string>
			<key>lastKnownFileType</key>
			<string>sourcecode.c.swift</string>
			<key>path</key>
			<string>MMO_AuthView.swift</string>
			<key>sourceTree</key>
			<string>&lt;group&gt;</string>
		</dict>
		<key>BQ4969O3097034S2607049P1</key>
		<dict>
			<key>fileRef</key>
			<string>DIV408041EL263X69537VJL3</string>
			<key>isa</key>
			<string>PBXBuildFile</string>
		</dict>
		<key>CES04111P0637459083H7068</key>
		<dict>
			<key>fileRef</key>
			<string>NKSV1RH950653055C913113D</string>
			<key>isa</key>
			<string>PBXBuildFile</string>
		</dict>
		<key>CF144Y4T41185Q0O518IMLQ3</key>
		<dict>
			<key>fileEncoding</key>
			<string>4</string>
			<key>isa</key>
			<string>PBXFileReference</string>
			<key>lastKnownFileType</key>
			<string>sourcecode.c.swift</string>
			<key>path</key>
			<string>MMO_EditObject.swift</string>
			<key>sourceTree</key>
			<string>&lt;group&gt;</string>
		</dict>
		<key>DIV408041EL263X69537VJL3</key>
		<dict>
			<key>fileEncoding</key>
			<string>4</string>
			<key>isa</key>
			<string>PBXFileReference</string>
			<key>lastKnownFileType</key>
			<string>sourcecode.c.swift</string>
			<key>path</key>
			<string>MMO_ScreenObject.swift</string>
			<key>sourceTree</key>
			<string>&lt;group&gt;</string>
		</dict>
		<key>DV351E0G5027GE82202Y1J43</key>
		<dict>
			<key>fileEncoding</key>
			<string>4</string>
			<key>isa</key>
			<string>PBXFileReference</string>
			<key>lastKnownFileType</key>
			<string>sourcecode.c.swift</string>
			<key>path</key>
			<string>MMO_ThemeView.swift</string>
			<key>sourceTree</key>
			<string>&lt;group&gt;</string>
		</dict>
		<key>EQH33X0IYCA1F37839WR09J4</key>
		<dict>
			<key>fileRef</key>
			<string>HVF3T39R7ZO1245626K76S03</string>
			<key>isa</key>
			<string>PBXBuildFile</string>
		</dict>
		<key>FD00AUU135H5H1315BNM5AD5</key>
		<dict>
			<key>fileRef</key>
			<string>QO65545X7I589UR457S9G244</string>
			<key>isa</key>
			<string>PBXBuildFile</string>
		</dict>
		<key>FD20F3AQ0892C554K3451761</key>
		<dict>
			<key>includeInIndex</key>
			<string>1</string>
			<key>isa</key>
			<string>PBXFileReference</string>
			<key>lastKnownFileType</key>
			<string>text.xcconfig</string>
			<key>name</key>
			<string>Pods-MotoMomi.release.xcconfig</string>
			<key>path</key>
			<string>Target Support Files/Pods-MotoMomi/Pods-MotoMomi.release.xcconfig</string>
			<key>sourceTree</key>
			<string>&lt;group&gt;</string>
		</dict>
		<key>FDC2E9SN9V9939E281X43G16</key>
		<dict>
			<key>children</key>
			<array>
				<string>040VRJAA0L6121N07UF1859H</string>
				<string>468M682A27M8741TX72840P2</string>
			</array>
			<key>isa</key>
			<string>PBXGroup</string>
			<key>name</key>
			<string>Frameworks</string>
			<key>sourceTree</key>
			<string>&lt;group&gt;</string>
		</dict>
		<key>FK6D34CKM1128174DR34PPU2</key>
		<dict>
			<key>fileRef</key>
			<string>JJ4H88L38145564830593W71</string>
			<key>isa</key>
			<string>PBXBuildFile</string>
		</dict>
		<key>GY9515PB3667K05N659A3RI3</key>
		<dict>
			<key>fileEncoding</key>
			<string>4</string>
			<key>isa</key>
			<string>PBXFileReference</string>
			<key>lastKnownFileType</key>
			<string>sourcecode.c.swift</string>
			<key>path</key>
			<string>MMO_LoginSecondaryController.swift</string>
			<key>sourceTree</key>
			<string>&lt;group&gt;</string>
		</dict>
		<key>HA301056ZUGN3UF17PXJMA01</key>
		<dict>
			<key>fileRef</key>
			<string>ZY54Y5Y818072I5T17CO9240</string>
			<key>isa</key>
			<string>PBXBuildFile</string>
		</dict>
		<key>HAC84890P752M7CX3BQCL7M8</key>
		<dict>
			<key>fileRef</key>
			<string>IC1ST287C4716RY035YFDV9M</string>
			<key>isa</key>
			<string>PBXBuildFile</string>
		</dict>
		<key>HS63K6N0J4Z7T3T9080343T6</key>
		<dict>
			<key>fileEncoding</key>
			<string>4</string>
			<key>isa</key>
			<string>PBXFileReference</string>
			<key>lastKnownFileType</key>
			<string>sourcecode.c.swift</string>
			<key>path</key>
			<string>MMO_GuideClubView.swift</string>
			<key>sourceTree</key>
			<string>&lt;group&gt;</string>
		</dict>
		<key>HVF3T39R7ZO1245626K76S03</key>
		<dict>
			<key>fileEncoding</key>
			<string>4</string>
			<key>isa</key>
			<string>PBXFileReference</string>
			<key>lastKnownFileType</key>
			<string>sourcecode.c.swift</string>
			<key>path</key>
			<string>MMO_SessionProfileController.swift</string>
			<key>sourceTree</key>
			<string>&lt;group&gt;</string>
		</dict>
		<key>IC1ST287C4716RY035YFDV9M</key>
		<dict>
			<key>fileEncoding</key>
			<string>4</string>
			<key>isa</key>
			<string>PBXFileReference</string>
			<key>lastKnownFileType</key>
			<string>sourcecode.c.swift</string>
			<key>path</key>
			<string>MMO_ClubObject.swift</string>
			<key>sourceTree</key>
			<string>&lt;group&gt;</string>
		</dict>
		<key>IFB64240NH7NJ9782X69R194</key>
		<dict>
			<key>fileRef</key>
			<string>CF144Y4T41185Q0O518IMLQ3</string>
			<key>isa</key>
			<string>PBXBuildFile</string>
		</dict>
		<key>IY91FS043R362YL481642624</key>
		<dict>
			<key>fileRef</key>
			<string>KS17JX52760A5FF2V6181W1E</string>
			<key>isa</key>
			<string>PBXBuildFile</string>
		</dict>
		<key>JG00J0VA306G7775P57B3V6O</key>
		<dict>
			<key>fileRef</key>
			<string>LLID80SY2AFO0DW9A3V7J502</string>
			<key>isa</key>
			<string>PBXBuildFile</string>
		</dict>
		<key>JJ4H88L38145564830593W71</key>
		<dict>
			<key>fileEncoding</key>
			<string>4</string>
			<key>isa</key>
			<string>PBXFileReference</string>
			<key>lastKnownFileType</key>
			<string>sourcecode.c.swift</string>
			<key>path</key>
			<string>MMO_StoreView.swift</string>
			<key>sourceTree</key>
			<string>&lt;group&gt;</string>
		</dict>
		<key>KHC43253O2531994695ZJ033</key>
		<dict>
			<key>fileEncoding</key>
			<string>4</string>
			<key>isa</key>
			<string>PBXFileReference</string>
			<key>lastKnownFileType</key>
			<string>sourcecode.c.swift</string>
			<key>path</key>
			<string>MMO_MainSettingsObject.swift</string>
			<key>sourceTree</key>
			<string>&lt;group&gt;</string>
		</dict>
		<key>KO5QA6Z474E0H5X4G33327P2</key>
		<dict>
			<key>fileRef</key>
			<string>DV351E0G5027GE82202Y1J43</string>
			<key>isa</key>
			<string>PBXBuildFile</string>
		</dict>
		<key>KS17JX52760A5FF2V6181W1E</key>
		<dict>
			<key>fileEncoding</key>
			<string>4</string>
			<key>isa</key>
			<string>PBXFileReference</string>
			<key>lastKnownFileType</key>
			<string>sourcecode.c.swift</string>
			<key>path</key>
			<string>MMO_SessionView.swift</string>
			<key>sourceTree</key>
			<string>&lt;group&gt;</string>
		</dict>
		<key>KT74HXL5K1Y6904G657DT66E</key>
		<dict>
			<key>fileEncoding</key>
			<string>4</string>
			<key>isa</key>
			<string>PBXFileReference</string>
			<key>lastKnownFileType</key>
			<string>sourcecode.c.swift</string>
			<key>path</key>
			<string>MMO_ServicesDelegateController.swift</string>
			<key>sourceTree</key>
			<string>&lt;group&gt;</string>
		</dict>
		<key>LH437226KXX2V2YBX0751953</key>
		<dict>
			<key>fileRef</key>
			<string>VB2AU952P92778157E3Q151W</string>
			<key>isa</key>
			<string>PBXBuildFile</string>
		</dict>
		<key>LLID80SY2AFO0DW9A3V7J502</key>
		<dict>
			<key>fileEncoding</key>
			<string>4</string>
			<key>isa</key>
			<string>PBXFileReference</string>
			<key>lastKnownFileType</key>
			<string>sourcecode.c.swift</string>
			<key>path</key>
			<string>MMO_RouterBootstrapController.swift</string>
			<key>sourceTree</key>
			<string>&lt;group&gt;</string>
		</dict>
		<key>ML8773455C3410AQ3Z39414C</key>
		<dict>
			<key>fileRef</key>
			<string>VBWC0A5Q3O4FTJ36N445782U</string>
			<key>isa</key>
			<string>PBXBuildFile</string>
		</dict>
		<key>MU52345756K8408F4D89I187</key>
		<dict>
			<key>fileEncoding</key>
			<string>4</string>
			<key>isa</key>
			<string>PBXFileReference</string>
			<key>lastKnownFileType</key>
			<string>sourcecode.c.swift</string>
			<key>path</key>
			<string>MMO_TeamRouterView.swift</string>
			<key>sourceTree</key>
			<string>&lt;group&gt;</string>
		</dict>
		<key>MU64088K9593008BNET7FC51</key>
		<dict>
			<key>fileRef</key>
			<string>GY9515PB3667K05N659A3RI3</string>
			<key>isa</key>
			<string>PBXBuildFile</string>
		</dict>
		<key>NE0N07998VPR114134457M7Z</key>
		<dict>
			<key>fileRef</key>
			<string>MU52345756K8408F4D89I187</string>
			<key>isa</key>
			<string>PBXBuildFile</string>
		</dict>
		<key>NH1D49S48X1L516794Q76652</key>
		<dict>
			<key>fileRef</key>
			<string>HS63K6N0J4Z7T3T9080343T6</string>
			<key>isa</key>
			<string>PBXBuildFile</string>
		</dict>
		<key>NKSV1RH950653055C913113D</key>
		<dict>
			<key>fileEncoding</key>
			<string>4</string>
			<key>isa</key>
			<string>PBXFileReference</string>
			<key>lastKnownFileType</key>
			<string>sourcecode.c.swift</string>
			<key>path</key>
			<string>MMO_ViewsNewsController.swift</string>
			<key>sourceTree</key>
			<string>&lt;group&gt;</string>
		</dict>
		<key>NQ3804D416M7Z09J17L2I14F</key>
		<dict>
			<key>fileEncoding</key>
			<string>4</string>
			<key>isa</key>
			<string>PBXFileReference</string>
			<key>lastKnownFileType</key>
			<string>sourcecode.c.swift</string>
			<key>path</key>
			<string>MMO_EditController.swift</string>
			<key>sourceTree</key>
			<string>&lt;group&gt;</string>
		</dict>
		<key>NSEJ840W30673EZ21474F10Y</key>
		<dict>
			<key>children</key>
			<array>
				<string>TC993Y26D4XG1G87BM2677FM</string>
				<string>UI0B78Y7D7IDJ5762AJ86420</string>
				<string>AW634172H30GM96Y7R33T603</string>
				<string>HVF3T39R7ZO1245626K76S03</string>
				<string>DV351E0G5027GE82202Y1J43</string>
				<string>HS63K6N0J4Z7T3T9080343T6</string>
				<string>DIV408041EL263X69537VJL3</string>
				<string>KT74HXL5K1Y6904G657DT66E</string>
				<string>UUE69C24GUV70934611CP417</string>
				<string>NQ3804D416M7Z09J17L2I14F</string>
				<string>ZGFY09Z05G808117T43683Z0</string>
				<string>GY9515PB3667K05N659A3RI3</string>
				<string>VB2AU952P92778157E3Q151W</string>
				<string>LLID80SY2AFO0DW9A3V7J502</string>
				<string>KHC43253O2531994695ZJ033</string>
				<string>VBWC0A5Q3O4FTJ36N445782U</string>
				<string>RD39282307309011XGFYK74J</string>
				<string>ZY54Y5Y818072I5T17CO9240</string>
				<string>MU52345756K8408F4D89I187</string>
				<string>NKSV1RH950653055C913113D</string>
				<string>CF144Y4T41185Q0O518IMLQ3</string>
				<string>KS17JX52760A5FF2V6181W1E</string>
				<string>QO65545X7I589UR457S9G244</string>
				<string>JJ4H88L38145564830593W71</string>
				<string>IC1ST287C4716RY035YFDV9M</string>
				<string>TH735ND96569B2PQ890G2116</string>
			</array>
			<key>isa</key>
			<string>PBXGroup</string>
			<key>path</key>
			<string>framenum</string>
			<key>sourceTree</key>
			<string>&lt;group&gt;</string>
		</dict>
		<key>QO65545X7I589UR457S9G244</key>
		<dict>
			<key>fileEncoding</key>
			<string>4</string>
			<key>isa</key>
			<string>PBXFileReference</string>
			<key>lastKnownFileType</key>
			<string>sourcecode.c.swift</string>
			<key>path</key>
			<string>MMO_RootView.swift</string>
			<key>sourceTree</key>
			<string>&lt;group&gt;</string>
		</dict>
		<key>RD39282307309011XGFYK74J</key>
		<dict>
			<key>fileEncoding</key>
			<string>4</string>
			<key>isa</key>
			<string>PBXFileReference</string>
			<key>lastKnownFileType</key>
			<string>sourcecode.c.swift</string>
			<key>path</key>
			<string>MMO_AuthObject.swift</string>
			<key>sourceTree</key>
			<string>&lt;group&gt;</string>
		</dict>
		<key>SA8N5C3J1H43OX442O4L9GG4</key>
		<dict>
			<key>fileRef</key>
			<string>AW634172H30GM96Y7R33T603</string>
			<key>isa</key>
			<string>PBXBuildFile</string>
		</dict>
		<key>SM24M5G15229691JLFT929J8</key>
		<dict>
			<key>fileRef</key>
			<string>TC993Y26D4XG1G87BM2677FM</string>
			<key>isa</key>
			<string>PBXBuildFile</string>
		</dict>
		<key>TC993Y26D4XG1G87BM2677FM</key>
		<dict>
			<key>fileEncoding</key>
			<string>4</string>
			<key>isa</key>
			<string>PBXFileReference</string>
			<key>lastKnownFileType</key>
			<string>sourcecode.c.swift</string>
			<key>path</key>
			<string>MMO_CenterView.swift</string>
			<key>sourceTree</key>
			<string>&lt;group&gt;</string>
		</dict>
		<key>TH735ND96569B2PQ890G2116</key>
		<dict>
			<key>fileEncoding</key>
			<string>4</string>
			<key>isa</key>
			<string>PBXFileReference</string>
			<key>lastKnownFileType</key>
			<string>sourcecode.c.swift</string>
			<key>path</key>
			<string>MMO_ComponentsController.swift</string>
			<key>sourceTree</key>
			<string>&lt;group&gt;</string>
		</dict>
		<key>UF5631F1G47R6Z4507S40D4E</key>
		<dict>
			<key>fileRef</key>
			<string>RD39282307309011XGFYK74J</string>
			<key>isa</key>
			<string>PBXBuildFile</string>
		</dict>
		<key>UI0B78Y7D7IDJ5762AJ86420</key>
		<dict>
			<key>fileEncoding</key>
			<string>4</string>
			<key>isa</key>
			<string>PBXFileReference</string>
			<key>lastKnownFileType</key>
			<string>sourcecode.c.swift</string>
			<key>path</key>
			<string>MMO_RouterRideView.swift</string>
			<key>sourceTree</key>
			<string>&lt;group&gt;</string>
		</dict>
		<key>UM1Q7V6A838R495M8319V2F8</key>
		<dict>
			<key>fileRef</key>
			<string>UI0B78Y7D7IDJ5762AJ86420</string>
			<key>isa</key>
			<string>PBXBuildFile</string>
		</dict>
		<key>UUE69C24GUV70934611CP417</key>
		<dict>
			<key>fileEncoding</key>
			<string>4</string>
			<key>isa</key>
			<string>PBXFileReference</string>
			<key>lastKnownFileType</key>
			<string>sourcecode.c.swift</string>
			<key>path</key>
			<string>MMO_GuideController.swift</string>
			<key>sourceTree</key>
			<string>&lt;group&gt;</string>
		</dict>
		<key>VB2AU952P92778157E3Q151W</key>
		<dict>
			<key>fileEncoding</key>
			<string>4</string>
			<key>isa</key>
			<string>PBXFileReference</string>
			<key>lastKnownFileType</key>
			<string>sourcecode.c.swift</string>
			<key>path</key>
			<string>MMO_LaunchRideObject.swift</string>
			<key>sourceTree</key>
			<string>&lt;group&gt;</string>
		</dict>
		<key>VBWC0A5Q3O4FTJ36N445782U</key>
		<dict>
			<key>fileEncoding</key>
			<string>4</string>
			<key>isa</key>
			<string>PBXFileReference</string>
			<key>lastKnownFileType</key>
			<string>sourcecode.c.swift</string>
			<key>path</key>
			<string>MMO_EditCenterController.swift</string>
			<key>sourceTree</key>
			<string>&lt;group&gt;</string>
		</dict>
		<key>VW405434V2CJ36O02707U62W</key>
		<dict>
			<key>fileRef</key>
			<string>ZGFY09Z05G808117T43683Z0</string>
			<key>isa</key>
			<string>PBXBuildFile</string>
		</dict>
		<key>WI240Y16S9371TVRP62Q874X</key>
		<dict>
			<key>fileRef</key>
			<string>UUE69C24GUV70934611CP417</string>
			<key>isa</key>
			<string>PBXBuildFile</string>
		</dict>
		<key>YM3955269118I01R53NTP151</key>
		<dict>
			<key>fileRef</key>
			<string>KHC43253O2531994695ZJ033</string>
			<key>isa</key>
			<string>PBXBuildFile</string>
		</dict>
		<key>ZCF98667F645987X7O007ES5</key>
		<dict>
			<key>fileRef</key>
			<string>TH735ND96569B2PQ890G2116</string>
			<key>isa</key>
			<string>PBXBuildFile</string>
		</dict>
		<key>ZGFY09Z05G808117T43683Z0</key>
		<dict>
			<key>fileEncoding</key>
			<string>4</string>
			<key>isa</key>
			<string>PBXFileReference</string>
			<key>lastKnownFileType</key>
			<string>sourcecode.c.swift</string>
			<key>path</key>
			<string>MMO_ViewsView.swift</string>
			<key>sourceTree</key>
			<string>&lt;group&gt;</string>
		</dict>
		<key>ZSQ6Q286M9653UX401T1OS36</key>
		<dict>
			<key>fileRef</key>
			<string>KT74HXL5K1Y6904G657DT66E</string>
			<key>isa</key>
			<string>PBXBuildFile</string>
		</dict>
		<key>ZY54Y5Y818072I5T17CO9240</key>
		<dict>
			<key>fileEncoding</key>
			<string>4</string>
			<key>isa</key>
			<string>PBXFileReference</string>
			<key>lastKnownFileType</key>
			<string>sourcecode.c.swift</string>
			<key>path</key>
			<string>MMO_BootstrapMainController.swift</string>
			<key>sourceTree</key>
			<string>&lt;group&gt;</string>
		</dict>
	</dict>
	<key>rootObject</key>
	<string>0463762620Y1698617Q83M55</string>
</dict>
</plist>
